
Microsoft Visual Studio Solution File, Format Version 12.00
# Visual Studio Version 16
VisualStudioVersion = 16.0.29418.71
MinimumVisualStudioVersion = 10.0.40219.1
Project("{FAE04EC0-301F-11D3-BF4B-00C04F79EFBC}") = "MessengerServer", "MessengerServer\MessengerServer.csproj", "{8CF34019-F528-49D6-B235-0A73C4D55D31}"
EndProject
Project("{FAE04EC0-301F-11D3-BF4B-00C04F79EFBC}") = "MessengerClient", "MessengerClient\MessengerClient.csproj", "{9FB64907-C9CB-435E-ACBF-0BB8FA32B3EA}"
EndProject
Global
	GlobalSection(SolutionConfigurationPlatforms) = preSolution
		Debug|Any CPU = Debug|Any CPU
		Release|Any CPU = Release|Any CPU
	EndGlobalSection
	GlobalSection(ProjectConfigurationPlatforms) = postSolution
		{8CF34019-F528-49D6-B235-0A73C4D55D31}.Debug|Any CPU.ActiveCfg = Debug|Any CPU
		{8CF34019-F528-49D6-B235-0A73C4D55D31}.Debug|Any CPU.Build.0 = Debug|Any CPU
		{8CF34019-F528-49D6-B235-0A73C4D55D31}.Release|Any CPU.ActiveCfg = Release|Any CPU
		{8CF34019-F528-49D6-B235-0A73C4D55D31}.Release|Any CPU.Build.0 = Release|Any CPU
		{9FB64907-C9CB-435E-ACBF-0BB8FA32B3EA}.Debug|Any CPU.ActiveCfg = Debug|Any CPU
		{9FB64907-C9CB-435E-ACBF-0BB8FA32B3EA}.Debug|Any CPU.Build.0 = Debug|Any CPU
		{9FB64907-C9CB-435E-ACBF-0BB8FA32B3EA}.Release|Any CPU.ActiveCfg = Release|Any CPU
		{9FB64907-C9CB-435E-ACBF-0BB8FA32B3EA}.Release|Any CPU.Build.0 = Release|Any CPU
	EndGlobalSection
	GlobalSection(SolutionProperties) = preSolution
		HideSolutionNode = FALSE
	EndGlobalSection
	GlobalSection(ExtensibilityGlobals) = postSolution
		SolutionGuid = {EE9582C2-E383-44DF-89D0-EAFA6FD8CCAF}
	EndGlobalSection
EndGlobal
